
Microsoft Visual Studio Solution File, Format Version 12.00
# Visual Studio 15
VisualStudioVersion = 15.0.26730.12
MinimumVisualStudioVersion = 10.0.40219.1
Project("{FAE04EC0-301F-11D3-BF4B-00C04F79EFBC}") = "kontakt_v2.Android", "kontakt_v2\kontakt_v2.Android\kontakt_v2.Android.csproj", "{D53D2196-F8AA-4C99-B85B-F2413B2A9A71}"
EndProject
Project("{FAE04EC0-301F-11D3-BF4B-00C04F79EFBC}") = "kontakt_v2", "kontakt_v2\kontakt_v2\kontakt_v2.csproj", "{18BA5E1F-227E-4DE0-9EAA-B9FDCBAC1826}"
EndProject
Project("{FAE04EC0-301F-11D3-BF4B-00C04F79EFBC}") = "kontakt_v2.UWP", "kontakt_v2\kontakt_v2.UWP\kontakt_v2.UWP.csproj", "{8844413A-D54C-4480-887C-86FCA0AA11DB}"
EndProject
Project("{FAE04EC0-301F-11D3-BF4B-00C04F79EFBC}") = "kontakt_v2.iOS", "kontakt_v2\kontakt_v2.iOS\kontakt_v2.iOS.csproj", "{3B649B0B-1F03-4BAE-AF5B-FEB98085094D}"
EndProject
Global
	GlobalSection(SolutionConfigurationPlatforms) = preSolution
		Ad-Hoc|Any CPU = Ad-Hoc|Any CPU
		Ad-Hoc|ARM = Ad-Hoc|ARM
		Ad-Hoc|iPhone = Ad-Hoc|iPhone
		Ad-Hoc|iPhoneSimulator = Ad-Hoc|iPhoneSimulator
		Ad-Hoc|x64 = Ad-Hoc|x64
		Ad-Hoc|x86 = Ad-Hoc|x86
		AppStore|Any CPU = AppStore|Any CPU
		AppStore|ARM = AppStore|ARM
		AppStore|iPhone = AppStore|iPhone
		AppStore|iPhoneSimulator = AppStore|iPhoneSimulator
		AppStore|x64 = AppStore|x64
		AppStore|x86 = AppStore|x86
		Debug|Any CPU = Debug|Any CPU
		Debug|ARM = Debug|ARM
		Debug|iPhone = Debug|iPhone
		Debug|iPhoneSimulator = Debug|iPhoneSimulator
		Debug|x64 = Debug|x64
		Debug|x86 = Debug|x86
		Release|Any CPU = Release|Any CPU
		Release|ARM = Release|ARM
		Release|iPhone = Release|iPhone
		Release|iPhoneSimulator = Release|iPhoneSimulator
		Release|x64 = Release|x64
		Release|x86 = Release|x86
	EndGlobalSection
	GlobalSection(ProjectConfigurationPlatforms) = postSolution
		{D53D2196-F8AA-4C99-B85B-F2413B2A9A71}.Ad-Hoc|Any CPU.ActiveCfg = Release|Any CPU
		{D53D2196-F8AA-4C99-B85B-F2413B2A9A71}.Ad-Hoc|Any CPU.Build.0 = Release|Any CPU
		{D53D2196-F8AA-4C99-B85B-F2413B2A9A71}.Ad-Hoc|Any CPU.Deploy.0 = Release|Any CPU
		{D53D2196-F8AA-4C99-B85B-F2413B2A9A71}.Ad-Hoc|ARM.ActiveCfg = Release|Any CPU
		{D53D2196-F8AA-4C99-B85B-F2413B2A9A71}.Ad-Hoc|ARM.Build.0 = Release|Any CPU
		{D53D2196-F8AA-4C99-B85B-F2413B2A9A71}.Ad-Hoc|ARM.Deploy.0 = Release|Any CPU
		{D53D2196-F8AA-4C99-B85B-F2413B2A9A71}.Ad-Hoc|iPhone.ActiveCfg = Release|Any CPU
		{D53D2196-F8AA-4C99-B85B-F2413B2A9A71}.Ad-Hoc|iPhone.Build.0 = Release|Any CPU
		{D53D2196-F8AA-4C99-B85B-F2413B2A9A71}.Ad-Hoc|iPhone.Deploy.0 = Release|Any CPU
		{D53D2196-F8AA-4C99-B85B-F2413B2A9A71}.Ad-Hoc|iPhoneSimulator.ActiveCfg = Release|Any CPU
		{D53D2196-F8AA-4C99-B85B-F2413B2A9A71}.Ad-Hoc|iPhoneSimulator.Build.0 = Release|Any CPU
		{D53D2196-F8AA-4C99-B85B-F2413B2A9A71}.Ad-Hoc|iPhoneSimulator.Deploy.0 = Release|Any CPU
		{D53D2196-F8AA-4C99-B85B-F2413B2A9A71}.Ad-Hoc|x64.ActiveCfg = Release|Any CPU
		{D53D2196-F8AA-4C99-B85B-F2413B2A9A71}.Ad-Hoc|x64.Build.0 = Release|Any CPU
		{D53D2196-F8AA-4C99-B85B-F2413B2A9A71}.Ad-Hoc|x64.Deploy.0 = Release|Any CPU
		{D53D2196-F8AA-4C99-B85B-F2413B2A9A71}.Ad-Hoc|x86.ActiveCfg = Release|Any CPU
		{D53D2196-F8AA-4C99-B85B-F2413B2A9A71}.Ad-Hoc|x86.Build.0 = Release|Any CPU
		{D53D2196-F8AA-4C99-B85B-F2413B2A9A71}.Ad-Hoc|x86.Deploy.0 = Release|Any CPU
		{D53D2196-F8AA-4C99-B85B-F2413B2A9A71}.AppStore|Any CPU.ActiveCfg = Release|Any CPU
		{D53D2196-F8AA-4C99-B85B-F2413B2A9A71}.AppStore|Any CPU.Build.0 = Release|Any CPU
		{D53D2196-F8AA-4C99-B85B-F2413B2A9A71}.AppStore|Any CPU.Deploy.0 = Release|Any CPU
		{D53D2196-F8AA-4C99-B85B-F2413B2A9A71}.AppStore|ARM.ActiveCfg = Release|Any CPU
		{D53D2196-F8AA-4C99-B85B-F2413B2A9A71}.AppStore|ARM.Build.0 = Release|Any CPU
		{D53D2196-F8AA-4C99-B85B-F2413B2A9A71}.AppStore|ARM.Deploy.0 = Release|Any CPU
		{D53D2196-F8AA-4C99-B85B-F2413B2A9A71}.AppStore|iPhone.ActiveCfg = Release|Any CPU
		{D53D2196-F8AA-4C99-B85B-F2413B2A9A71}.AppStore|iPhone.Build.0 = Release|Any CPU
		{D53D2196-F8AA-4C99-B85B-F2413B2A9A71}.AppStore|iPhone.Deploy.0 = Release|Any CPU
		{D53D2196-F8AA-4C99-B85B-F2413B2A9A71}.AppStore|iPhoneSimulator.ActiveCfg = Release|Any CPU
		{D53D2196-F8AA-4C99-B85B-F2413B2A9A71}.AppStore|iPhoneSimulator.Build.0 = Release|Any CPU
		{D53D2196-F8AA-4C99-B85B-F2413B2A9A71}.AppStore|iPhoneSimulator.Deploy.0 = Release|Any CPU
		{D53D2196-F8AA-4C99-B85B-F2413B2A9A71}.AppStore|x64.ActiveCfg = Release|Any CPU
		{D53D2196-F8AA-4C99-B85B-F2413B2A9A71}.AppStore|x64.Build.0 = Release|Any CPU
		{D53D2196-F8AA-4C99-B85B-F2413B2A9A71}.AppStore|x64.Deploy.0 = Release|Any CPU
		{D53D2196-F8AA-4C99-B85B-F2413B2A9A71}.AppStore|x86.ActiveCfg = Release|Any CPU
		{D53D2196-F8AA-4C99-B85B-F2413B2A9A71}.AppStore|x86.Build.0 = Release|Any CPU
		{D53D2196-F8AA-4C99-B85B-F2413B2A9A71}.AppStore|x86.Deploy.0 = Release|Any CPU
		{D53D2196-F8AA-4C99-B85B-F2413B2A9A71}.Debug|Any CPU.ActiveCfg = Debug|Any CPU
		{D53D2196-F8AA-4C99-B85B-F2413B2A9A71}.Debug|Any CPU.Build.0 = Debug|Any CPU
		{D53D2196-F8AA-4C99-B85B-F2413B2A9A71}.Debug|Any CPU.Deploy.0 = Debug|Any CPU
		{D53D2196-F8AA-4C99-B85B-F2413B2A9A71}.Debug|ARM.ActiveCfg = Debug|Any CPU
		{D53D2196-F8AA-4C99-B85B-F2413B2A9A71}.Debug|ARM.Build.0 = Debug|Any CPU
		{D53D2196-F8AA-4C99-B85B-F2413B2A9A71}.Debug|ARM.Deploy.0 = Debug|Any CPU
		{D53D2196-F8AA-4C99-B85B-F2413B2A9A71}.Debug|iPhone.ActiveCfg = Debug|Any CPU
		{D53D2196-F8AA-4C99-B85B-F2413B2A9A71}.Debug|iPhone.Build.0 = Debug|Any CPU
		{D53D2196-F8AA-4C99-B85B-F2413B2A9A71}.Debug|iPhone.Deploy.0 = Debug|Any CPU
		{D53D2196-F8AA-4C99-B85B-F2413B2A9A71}.Debug|iPhoneSimulator.ActiveCfg = Debug|Any CPU
		{D53D2196-F8AA-4C99-B85B-F2413B2A9A71}.Debug|iPhoneSimulator.Build.0 = Debug|Any CPU
		{D53D2196-F8AA-4C99-B85B-F2413B2A9A71}.Debug|iPhoneSimulator.Deploy.0 = Debug|Any CPU
		{D53D2196-F8AA-4C99-B85B-F2413B2A9A71}.Debug|x64.ActiveCfg = Debug|Any CPU
		{D53D2196-F8AA-4C99-B85B-F2413B2A9A71}.Debug|x64.Build.0 = Debug|Any CPU
		{D53D2196-F8AA-4C99-B85B-F2413B2A9A71}.Debug|x64.Deploy.0 = Debug|Any CPU
		{D53D2196-F8AA-4C99-B85B-F2413B2A9A71}.Debug|x86.ActiveCfg = Debug|Any CPU
		{D53D2196-F8AA-4C99-B85B-F2413B2A9A71}.Debug|x86.Build.0 = Debug|Any CPU
		{D53D2196-F8AA-4C99-B85B-F2413B2A9A71}.Debug|x86.Deploy.0 = Debug|Any CPU
		{D53D2196-F8AA-4C99-B85B-F2413B2A9A71}.Release|Any CPU.ActiveCfg = Release|Any CPU
		{D53D2196-F8AA-4C99-B85B-F2413B2A9A71}.Release|Any CPU.Build.0 = Release|Any CPU
		{D53D2196-F8AA-4C99-B85B-F2413B2A9A71}.Release|Any CPU.Deploy.0 = Release|Any CPU
		{D53D2196-F8AA-4C99-B85B-F2413B2A9A71}.Release|ARM.ActiveCfg = Release|Any CPU
		{D53D2196-F8AA-4C99-B85B-F2413B2A9A71}.Release|ARM.Build.0 = Release|Any CPU
		{D53D2196-F8AA-4C99-B85B-F2413B2A9A71}.Release|ARM.Deploy.0 = Release|Any CPU
		{D53D2196-F8AA-4C99-B85B-F2413B2A9A71}.Release|iPhone.ActiveCfg = Release|Any CPU
		{D53D2196-F8AA-4C99-B85B-F2413B2A9A71}.Release|iPhone.Build.0 = Release|Any CPU
		{D53D2196-F8AA-4C99-B85B-F2413B2A9A71}.Release|iPhone.Deploy.0 = Release|Any CPU
		{D53D2196-F8AA-4C99-B85B-F2413B2A9A71}.Release|iPhoneSimulator.ActiveCfg = Release|Any CPU
		{D53D2196-F8AA-4C99-B85B-F2413B2A9A71}.Release|iPhoneSimulator.Build.0 = Release|Any CPU
		{D53D2196-F8AA-4C99-B85B-F2413B2A9A71}.Release|iPhoneSimulator.Deploy.0 = Release|Any CPU
		{D53D2196-F8AA-4C99-B85B-F2413B2A9A71}.Release|x64.ActiveCfg = Release|Any CPU
		{D53D2196-F8AA-4C99-B85B-F2413B2A9A71}.Release|x64.Build.0 = Release|Any CPU
		{D53D2196-F8AA-4C99-B85B-F2413B2A9A71}.Release|x64.Deploy.0 = Release|Any CPU
		{D53D2196-F8AA-4C99-B85B-F2413B2A9A71}.Release|x86.ActiveCfg = Release|Any CPU
		{D53D2196-F8AA-4C99-B85B-F2413B2A9A71}.Release|x86.Build.0 = Release|Any CPU
		{D53D2196-F8AA-4C99-B85B-F2413B2A9A71}.Release|x86.Deploy.0 = Release|Any CPU
		{18BA5E1F-227E-4DE0-9EAA-B9FDCBAC1826}.Ad-Hoc|Any CPU.ActiveCfg = Release|Any CPU
		{18BA5E1F-227E-4DE0-9EAA-B9FDCBAC1826}.Ad-Hoc|Any CPU.Build.0 = Release|Any CPU
		{18BA5E1F-227E-4DE0-9EAA-B9FDCBAC1826}.Ad-Hoc|ARM.ActiveCfg = Release|Any CPU
		{18BA5E1F-227E-4DE0-9EAA-B9FDCBAC1826}.Ad-Hoc|ARM.Build.0 = Release|Any CPU
		{18BA5E1F-227E-4DE0-9EAA-B9FDCBAC1826}.Ad-Hoc|iPhone.ActiveCfg = Release|Any CPU
		{18BA5E1F-227E-4DE0-9EAA-B9FDCBAC1826}.Ad-Hoc|iPhone.Build.0 = Release|Any CPU
		{18BA5E1F-227E-4DE0-9EAA-B9FDCBAC1826}.Ad-Hoc|iPhoneSimulator.ActiveCfg = Release|Any CPU
		{18BA5E1F-227E-4DE0-9EAA-B9FDCBAC1826}.Ad-Hoc|iPhoneSimulator.Build.0 = Release|Any CPU
		{18BA5E1F-227E-4DE0-9EAA-B9FDCBAC1826}.Ad-Hoc|x64.ActiveCfg = Release|Any CPU
		{18BA5E1F-227E-4DE0-9EAA-B9FDCBAC1826}.Ad-Hoc|x64.Build.0 = Release|Any CPU
		{18BA5E1F-227E-4DE0-9EAA-B9FDCBAC1826}.Ad-Hoc|x86.ActiveCfg = Release|Any CPU
		{18BA5E1F-227E-4DE0-9EAA-B9FDCBAC1826}.Ad-Hoc|x86.Build.0 = Release|Any CPU
		{18BA5E1F-227E-4DE0-9EAA-B9FDCBAC1826}.AppStore|Any CPU.ActiveCfg = Release|Any CPU
		{18BA5E1F-227E-4DE0-9EAA-B9FDCBAC1826}.AppStore|Any CPU.Build.0 = Release|Any CPU
		{18BA5E1F-227E-4DE0-9EAA-B9FDCBAC1826}.AppStore|ARM.ActiveCfg = Release|Any CPU
		{18BA5E1F-227E-4DE0-9EAA-B9FDCBAC1826}.AppStore|ARM.Build.0 = Release|Any CPU
		{18BA5E1F-227E-4DE0-9EAA-B9FDCBAC1826}.AppStore|iPhone.ActiveCfg = Release|Any CPU
		{18BA5E1F-227E-4DE0-9EAA-B9FDCBAC1826}.AppStore|iPhone.Build.0 = Release|Any CPU
		{18BA5E1F-227E-4DE0-9EAA-B9FDCBAC1826}.AppStore|iPhoneSimulator.ActiveCfg = Release|Any CPU
		{18BA5E1F-227E-4DE0-9EAA-B9FDCBAC1826}.AppStore|iPhoneSimulator.Build.0 = Release|Any CPU
		{18BA5E1F-227E-4DE0-9EAA-B9FDCBAC1826}.AppStore|x64.ActiveCfg = Release|Any CPU
		{18BA5E1F-227E-4DE0-9EAA-B9FDCBAC1826}.AppStore|x64.Build.0 = Release|Any CPU
		{18BA5E1F-227E-4DE0-9EAA-B9FDCBAC1826}.AppStore|x86.ActiveCfg = Release|Any CPU
		{18BA5E1F-227E-4DE0-9EAA-B9FDCBAC1826}.AppStore|x86.Build.0 = Release|Any CPU
		{18BA5E1F-227E-4DE0-9EAA-B9FDCBAC1826}.Debug|Any CPU.ActiveCfg = Debug|Any CPU
		{18BA5E1F-227E-4DE0-9EAA-B9FDCBAC1826}.Debug|Any CPU.Build.0 = Debug|Any CPU
		{18BA5E1F-227E-4DE0-9EAA-B9FDCBAC1826}.Debug|ARM.ActiveCfg = Debug|Any CPU
		{18BA5E1F-227E-4DE0-9EAA-B9FDCBAC1826}.Debug|ARM.Build.0 = Debug|Any CPU
		{18BA5E1F-227E-4DE0-9EAA-B9FDCBAC1826}.Debug|iPhone.ActiveCfg = Debug|Any CPU
		{18BA5E1F-227E-4DE0-9EAA-B9FDCBAC1826}.Debug|iPhone.Build.0 = Debug|Any CPU
		{18BA5E1F-227E-4DE0-9EAA-B9FDCBAC1826}.Debug|iPhoneSimulator.ActiveCfg = Debug|Any CPU
		{18BA5E1F-227E-4DE0-9EAA-B9FDCBAC1826}.Debug|iPhoneSimulator.Build.0 = Debug|Any CPU
		{18BA5E1F-227E-4DE0-9EAA-B9FDCBAC1826}.Debug|x64.ActiveCfg = Debug|Any CPU
		{18BA5E1F-227E-4DE0-9EAA-B9FDCBAC1826}.Debug|x64.Build.0 = Debug|Any CPU
		{18BA5E1F-227E-4DE0-9EAA-B9FDCBAC1826}.Debug|x86.ActiveCfg = Debug|Any CPU
		{18BA5E1F-227E-4DE0-9EAA-B9FDCBAC1826}.Debug|x86.Build.0 = Debug|Any CPU
		{18BA5E1F-227E-4DE0-9EAA-B9FDCBAC1826}.Release|Any CPU.ActiveCfg = Release|Any CPU
		{18BA5E1F-227E-4DE0-9EAA-B9FDCBAC1826}.Release|Any CPU.Build.0 = Release|Any CPU
		{18BA5E1F-227E-4DE0-9EAA-B9FDCBAC1826}.Release|ARM.ActiveCfg = Release|Any CPU
		{18BA5E1F-227E-4DE0-9EAA-B9FDCBAC1826}.Release|ARM.Build.0 = Release|Any CPU
		{18BA5E1F-227E-4DE0-9EAA-B9FDCBAC1826}.Release|iPhone.ActiveCfg = Release|Any CPU
		{18BA5E1F-227E-4DE0-9EAA-B9FDCBAC1826}.Release|iPhone.Build.0 = Release|Any CPU
		{18BA5E1F-227E-4DE0-9EAA-B9FDCBAC1826}.Release|iPhoneSimulator.ActiveCfg = Release|Any CPU
		{18BA5E1F-227E-4DE0-9EAA-B9FDCBAC1826}.Release|iPhoneSimulator.Build.0 = Release|Any CPU
		{18BA5E1F-227E-4DE0-9EAA-B9FDCBAC1826}.Release|x64.ActiveCfg = Release|Any CPU
		{18BA5E1F-227E-4DE0-9EAA-B9FDCBAC1826}.Release|x64.Build.0 = Release|Any CPU
		{18BA5E1F-227E-4DE0-9EAA-B9FDCBAC1826}.Release|x86.ActiveCfg = Release|Any CPU
		{18BA5E1F-227E-4DE0-9EAA-B9FDCBAC1826}.Release|x86.Build.0 = Release|Any CPU
		{8844413A-D54C-4480-887C-86FCA0AA11DB}.Ad-Hoc|Any CPU.ActiveCfg = Release|x86
		{8844413A-D54C-4480-887C-86FCA0AA11DB}.Ad-Hoc|Any CPU.Build.0 = Release|x86
		{8844413A-D54C-4480-887C-86FCA0AA11DB}.Ad-Hoc|Any CPU.Deploy.0 = Release|x86
		{8844413A-D54C-4480-887C-86FCA0AA11DB}.Ad-Hoc|ARM.ActiveCfg = Release|ARM
		{8844413A-D54C-4480-887C-86FCA0AA11DB}.Ad-Hoc|ARM.Build.0 = Release|ARM
		{8844413A-D54C-4480-887C-86FCA0AA11DB}.Ad-Hoc|ARM.Deploy.0 = Release|ARM
		{8844413A-D54C-4480-887C-86FCA0AA11DB}.Ad-Hoc|iPhone.ActiveCfg = Release|x86
		{8844413A-D54C-4480-887C-86FCA0AA11DB}.Ad-Hoc|iPhone.Build.0 = Release|x86
		{8844413A-D54C-4480-887C-86FCA0AA11DB}.Ad-Hoc|iPhone.Deploy.0 = Release|x86
		{8844413A-D54C-4480-887C-86FCA0AA11DB}.Ad-Hoc|iPhoneSimulator.ActiveCfg = Release|x86
		{8844413A-D54C-4480-887C-86FCA0AA11DB}.Ad-Hoc|iPhoneSimulator.Build.0 = Release|x86
		{8844413A-D54C-4480-887C-86FCA0AA11DB}.Ad-Hoc|iPhoneSimulator.Deploy.0 = Release|x86
		{8844413A-D54C-4480-887C-86FCA0AA11DB}.Ad-Hoc|x64.ActiveCfg = Release|x64
		{8844413A-D54C-4480-887C-86FCA0AA11DB}.Ad-Hoc|x64.Build.0 = Release|x64
		{8844413A-D54C-4480-887C-86FCA0AA11DB}.Ad-Hoc|x64.Deploy.0 = Release|x64
		{8844413A-D54C-4480-887C-86FCA0AA11DB}.Ad-Hoc|x86.ActiveCfg = Release|x86
		{8844413A-D54C-4480-887C-86FCA0AA11DB}.Ad-Hoc|x86.Build.0 = Release|x86
		{8844413A-D54C-4480-887C-86FCA0AA11DB}.Ad-Hoc|x86.Deploy.0 = Release|x86
		{8844413A-D54C-4480-887C-86FCA0AA11DB}.AppStore|Any CPU.ActiveCfg = Release|x86
		{8844413A-D54C-4480-887C-86FCA0AA11DB}.AppStore|Any CPU.Build.0 = Release|x86
		{8844413A-D54C-4480-887C-86FCA0AA11DB}.AppStore|Any CPU.Deploy.0 = Release|x86
		{8844413A-D54C-4480-887C-86FCA0AA11DB}.AppStore|ARM.ActiveCfg = Release|ARM
		{8844413A-D54C-4480-887C-86FCA0AA11DB}.AppStore|ARM.Build.0 = Release|ARM
		{8844413A-D54C-4480-887C-86FCA0AA11DB}.AppStore|ARM.Deploy.0 = Release|ARM
		{8844413A-D54C-4480-887C-86FCA0AA11DB}.AppStore|iPhone.ActiveCfg = Release|x86
		{8844413A-D54C-4480-887C-86FCA0AA11DB}.AppStore|iPhone.Build.0 = Release|x86
		{8844413A-D54C-4480-887C-86FCA0AA11DB}.AppStore|iPhone.Deploy.0 = Release|x86
		{8844413A-D54C-4480-887C-86FCA0AA11DB}.AppStore|iPhoneSimulator.ActiveCfg = Release|x86
		{8844413A-D54C-4480-887C-86FCA0AA11DB}.AppStore|iPhoneSimulator.Build.0 = Release|x86
		{8844413A-D54C-4480-887C-86FCA0AA11DB}.AppStore|iPhoneSimulator.Deploy.0 = Release|x86
		{8844413A-D54C-4480-887C-86FCA0AA11DB}.AppStore|x64.ActiveCfg = Release|x64
		{8844413A-D54C-4480-887C-86FCA0AA11DB}.AppStore|x64.Build.0 = Release|x64
		{8844413A-D54C-4480-887C-86FCA0AA11DB}.AppStore|x64.Deploy.0 = Release|x64
		{8844413A-D54C-4480-887C-86FCA0AA11DB}.AppStore|x86.ActiveCfg = Release|x86
		{8844413A-D54C-4480-887C-86FCA0AA11DB}.AppStore|x86.Build.0 = Release|x86
		{8844413A-D54C-4480-887C-86FCA0AA11DB}.AppStore|x86.Deploy.0 = Release|x86
		{8844413A-D54C-4480-887C-86FCA0AA11DB}.Debug|Any CPU.ActiveCfg = Debug|x86
		{8844413A-D54C-4480-887C-86FCA0AA11DB}.Debug|ARM.ActiveCfg = Debug|ARM
		{8844413A-D54C-4480-887C-86FCA0AA11DB}.Debug|ARM.Build.0 = Debug|ARM
		{8844413A-D54C-4480-887C-86FCA0AA11DB}.Debug|ARM.Deploy.0 = Debug|ARM
		{8844413A-D54C-4480-887C-86FCA0AA11DB}.Debug|iPhone.ActiveCfg = Debug|x86
		{8844413A-D54C-4480-887C-86FCA0AA11DB}.Debug|iPhoneSimulator.ActiveCfg = Debug|x86
		{8844413A-D54C-4480-887C-86FCA0AA11DB}.Debug|x64.ActiveCfg = Debug|x64
		{8844413A-D54C-4480-887C-86FCA0AA11DB}.Debug|x64.Build.0 = Debug|x64
		{8844413A-D54C-4480-887C-86FCA0AA11DB}.Debug|x64.Deploy.0 = Debug|x64
		{8844413A-D54C-4480-887C-86FCA0AA11DB}.Debug|x86.ActiveCfg = Debug|x86
		{8844413A-D54C-4480-887C-86FCA0AA11DB}.Debug|x86.Build.0 = Debug|x86
		{8844413A-D54C-4480-887C-86FCA0AA11DB}.Debug|x86.Deploy.0 = Debug|x86
		{8844413A-D54C-4480-887C-86FCA0AA11DB}.Release|Any CPU.ActiveCfg = Release|x86
		{8844413A-D54C-4480-887C-86FCA0AA11DB}.Release|ARM.ActiveCfg = Release|ARM
		{8844413A-D54C-4480-887C-86FCA0AA11DB}.Release|ARM.Build.0 = Release|ARM
		{8844413A-D54C-4480-887C-86FCA0AA11DB}.Release|ARM.Deploy.0 = Release|ARM
		{8844413A-D54C-4480-887C-86FCA0AA11DB}.Release|iPhone.ActiveCfg = Release|x86
		{8844413A-D54C-4480-887C-86FCA0AA11DB}.Release|iPhoneSimulator.ActiveCfg = Release|x86
		{8844413A-D54C-4480-887C-86FCA0AA11DB}.Release|x64.ActiveCfg = Release|x64
		{8844413A-D54C-4480-887C-86FCA0AA11DB}.Release|x64.Build.0 = Release|x64
		{8844413A-D54C-4480-887C-86FCA0AA11DB}.Release|x64.Deploy.0 = Release|x64
		{8844413A-D54C-4480-887C-86FCA0AA11DB}.Release|x86.ActiveCfg = Release|x86
		{8844413A-D54C-4480-887C-86FCA0AA11DB}.Release|x86.Build.0 = Release|x86
		{8844413A-D54C-4480-887C-86FCA0AA11DB}.Release|x86.Deploy.0 = Release|x86
		{3B649B0B-1F03-4BAE-AF5B-FEB98085094D}.Ad-Hoc|Any CPU.ActiveCfg = Ad-Hoc|iPhone
		{3B649B0B-1F03-4BAE-AF5B-FEB98085094D}.Ad-Hoc|ARM.ActiveCfg = Ad-Hoc|iPhone
		{3B649B0B-1F03-4BAE-AF5B-FEB98085094D}.Ad-Hoc|iPhone.ActiveCfg = Ad-Hoc|iPhone
		{3B649B0B-1F03-4BAE-AF5B-FEB98085094D}.Ad-Hoc|iPhone.Build.0 = Ad-Hoc|iPhone
		{3B649B0B-1F03-4BAE-AF5B-FEB98085094D}.Ad-Hoc|iPhoneSimulator.ActiveCfg = Ad-Hoc|iPhoneSimulator
		{3B649B0B-1F03-4BAE-AF5B-FEB98085094D}.Ad-Hoc|iPhoneSimulator.Build.0 = Ad-Hoc|iPhoneSimulator
		{3B649B0B-1F03-4BAE-AF5B-FEB98085094D}.Ad-Hoc|x64.ActiveCfg = Ad-Hoc|iPhone
		{3B649B0B-1F03-4BAE-AF5B-FEB98085094D}.Ad-Hoc|x86.ActiveCfg = Ad-Hoc|iPhone
		{3B649B0B-1F03-4BAE-AF5B-FEB98085094D}.AppStore|Any CPU.ActiveCfg = AppStore|iPhone
		{3B649B0B-1F03-4BAE-AF5B-FEB98085094D}.AppStore|ARM.ActiveCfg = AppStore|iPhone
		{3B649B0B-1F03-4BAE-AF5B-FEB98085094D}.AppStore|iPhone.ActiveCfg = AppStore|iPhone
		{3B649B0B-1F03-4BAE-AF5B-FEB98085094D}.AppStore|iPhone.Build.0 = AppStore|iPhone
		{3B649B0B-1F03-4BAE-AF5B-FEB98085094D}.AppStore|iPhoneSimulator.ActiveCfg = AppStore|iPhoneSimulator
		{3B649B0B-1F03-4BAE-AF5B-FEB98085094D}.AppStore|iPhoneSimulator.Build.0 = AppStore|iPhoneSimulator
		{3B649B0B-1F03-4BAE-AF5B-FEB98085094D}.AppStore|x64.ActiveCfg = AppStore|iPhone
		{3B649B0B-1F03-4BAE-AF5B-FEB98085094D}.AppStore|x86.ActiveCfg = AppStore|iPhone
		{3B649B0B-1F03-4BAE-AF5B-FEB98085094D}.Debug|Any CPU.ActiveCfg = Debug|iPhone
		{3B649B0B-1F03-4BAE-AF5B-FEB98085094D}.Debug|ARM.ActiveCfg = Debug|iPhone
		{3B649B0B-1F03-4BAE-AF5B-FEB98085094D}.Debug|iPhone.ActiveCfg = Debug|iPhone
		{3B649B0B-1F03-4BAE-AF5B-FEB98085094D}.Debug|iPhone.Build.0 = Debug|iPhone
		{3B649B0B-1F03-4BAE-AF5B-FEB98085094D}.Debug|iPhoneSimulator.ActiveCfg = Debug|iPhoneSimulator
		{3B649B0B-1F03-4BAE-AF5B-FEB98085094D}.Debug|iPhoneSimulator.Build.0 = Debug|iPhoneSimulator
		{3B649B0B-1F03-4BAE-AF5B-FEB98085094D}.Debug|x64.ActiveCfg = Debug|iPhone
		{3B649B0B-1F03-4BAE-AF5B-FEB98085094D}.Debug|x86.ActiveCfg = Debug|iPhone
		{3B649B0B-1F03-4BAE-AF5B-FEB98085094D}.Release|Any CPU.ActiveCfg = Release|iPhone
		{3B649B0B-1F03-4BAE-AF5B-FEB98085094D}.Release|ARM.ActiveCfg = Release|iPhone
		{3B649B0B-1F03-4BAE-AF5B-FEB98085094D}.Release|iPhone.ActiveCfg = Release|iPhone
		{3B649B0B-1F03-4BAE-AF5B-FEB98085094D}.Release|iPhone.Build.0 = Release|iPhone
		{3B649B0B-1F03-4BAE-AF5B-FEB98085094D}.Release|iPhoneSimulator.ActiveCfg = Release|iPhoneSimulator
		{3B649B0B-1F03-4BAE-AF5B-FEB98085094D}.Release|iPhoneSimulator.Build.0 = Release|iPhoneSimulator
		{3B649B0B-1F03-4BAE-AF5B-FEB98085094D}.Release|x64.ActiveCfg = Release|iPhone
		{3B649B0B-1F03-4BAE-AF5B-FEB98085094D}.Release|x86.ActiveCfg = Release|iPhone
	EndGlobalSection
	GlobalSection(SolutionProperties) = preSolution
		HideSolutionNode = FALSE
	EndGlobalSection
	GlobalSection(ExtensibilityGlobals) = postSolution
		SolutionGuid = {FCF5E52C-484F-4C53-A65A-715B993BA4D9}
	EndGlobalSection
EndGlobal
