
Microsoft Visual Studio Solution File, Format Version 12.00
# Visual Studio 15
VisualStudioVersion = 15.0.26730.12
MinimumVisualStudioVersion = 10.0.40219.1
Project("{FAE04EC0-301F-11D3-BF4B-00C04F79EFBC}") = "kontakt.Android", "kontakt\kontakt.Android\kontakt.Android.csproj", "{EED00B62-6D31-4F60-B28C-7ACBD9E3B705}"
EndProject
Project("{FAE04EC0-301F-11D3-BF4B-00C04F79EFBC}") = "kontakt", "kontakt\kontakt\kontakt.csproj", "{697C3367-8F56-468D-8BBC-1F2579D6A281}"
EndProject
Project("{FAE04EC0-301F-11D3-BF4B-00C04F79EFBC}") = "kontakt.UWP", "kontakt\kontakt.UWP\kontakt.UWP.csproj", "{761ADB5B-0FFC-4D4D-A017-D176A5FDF38D}"
EndProject
Project("{FAE04EC0-301F-11D3-BF4B-00C04F79EFBC}") = "kontakt.iOS", "kontakt\kontakt.iOS\kontakt.iOS.csproj", "{63AED865-FE92-46FB-8C2E-0D343A401BCA}"
EndProject
Global
	GlobalSection(SolutionConfigurationPlatforms) = preSolution
		Ad-Hoc|Any CPU = Ad-Hoc|Any CPU
		Ad-Hoc|ARM = Ad-Hoc|ARM
		Ad-Hoc|iPhone = Ad-Hoc|iPhone
		Ad-Hoc|iPhoneSimulator = Ad-Hoc|iPhoneSimulator
		Ad-Hoc|x64 = Ad-Hoc|x64
		Ad-Hoc|x86 = Ad-Hoc|x86
		AppStore|Any CPU = AppStore|Any CPU
		AppStore|ARM = AppStore|ARM
		AppStore|iPhone = AppStore|iPhone
		AppStore|iPhoneSimulator = AppStore|iPhoneSimulator
		AppStore|x64 = AppStore|x64
		AppStore|x86 = AppStore|x86
		Debug|Any CPU = Debug|Any CPU
		Debug|ARM = Debug|ARM
		Debug|iPhone = Debug|iPhone
		Debug|iPhoneSimulator = Debug|iPhoneSimulator
		Debug|x64 = Debug|x64
		Debug|x86 = Debug|x86
		Release|Any CPU = Release|Any CPU
		Release|ARM = Release|ARM
		Release|iPhone = Release|iPhone
		Release|iPhoneSimulator = Release|iPhoneSimulator
		Release|x64 = Release|x64
		Release|x86 = Release|x86
	EndGlobalSection
	GlobalSection(ProjectConfigurationPlatforms) = postSolution
		{EED00B62-6D31-4F60-B28C-7ACBD9E3B705}.Ad-Hoc|Any CPU.ActiveCfg = Release|Any CPU
		{EED00B62-6D31-4F60-B28C-7ACBD9E3B705}.Ad-Hoc|Any CPU.Build.0 = Release|Any CPU
		{EED00B62-6D31-4F60-B28C-7ACBD9E3B705}.Ad-Hoc|Any CPU.Deploy.0 = Release|Any CPU
		{EED00B62-6D31-4F60-B28C-7ACBD9E3B705}.Ad-Hoc|ARM.ActiveCfg = Release|Any CPU
		{EED00B62-6D31-4F60-B28C-7ACBD9E3B705}.Ad-Hoc|ARM.Build.0 = Release|Any CPU
		{EED00B62-6D31-4F60-B28C-7ACBD9E3B705}.Ad-Hoc|ARM.Deploy.0 = Release|Any CPU
		{EED00B62-6D31-4F60-B28C-7ACBD9E3B705}.Ad-Hoc|iPhone.ActiveCfg = Release|Any CPU
		{EED00B62-6D31-4F60-B28C-7ACBD9E3B705}.Ad-Hoc|iPhone.Build.0 = Release|Any CPU
		{EED00B62-6D31-4F60-B28C-7ACBD9E3B705}.Ad-Hoc|iPhone.Deploy.0 = Release|Any CPU
		{EED00B62-6D31-4F60-B28C-7ACBD9E3B705}.Ad-Hoc|iPhoneSimulator.ActiveCfg = Release|Any CPU
		{EED00B62-6D31-4F60-B28C-7ACBD9E3B705}.Ad-Hoc|iPhoneSimulator.Build.0 = Release|Any CPU
		{EED00B62-6D31-4F60-B28C-7ACBD9E3B705}.Ad-Hoc|iPhoneSimulator.Deploy.0 = Release|Any CPU
		{EED00B62-6D31-4F60-B28C-7ACBD9E3B705}.Ad-Hoc|x64.ActiveCfg = Release|Any CPU
		{EED00B62-6D31-4F60-B28C-7ACBD9E3B705}.Ad-Hoc|x64.Build.0 = Release|Any CPU
		{EED00B62-6D31-4F60-B28C-7ACBD9E3B705}.Ad-Hoc|x64.Deploy.0 = Release|Any CPU
		{EED00B62-6D31-4F60-B28C-7ACBD9E3B705}.Ad-Hoc|x86.ActiveCfg = Release|Any CPU
		{EED00B62-6D31-4F60-B28C-7ACBD9E3B705}.Ad-Hoc|x86.Build.0 = Release|Any CPU
		{EED00B62-6D31-4F60-B28C-7ACBD9E3B705}.Ad-Hoc|x86.Deploy.0 = Release|Any CPU
		{EED00B62-6D31-4F60-B28C-7ACBD9E3B705}.AppStore|Any CPU.ActiveCfg = Release|Any CPU
		{EED00B62-6D31-4F60-B28C-7ACBD9E3B705}.AppStore|Any CPU.Build.0 = Release|Any CPU
		{EED00B62-6D31-4F60-B28C-7ACBD9E3B705}.AppStore|Any CPU.Deploy.0 = Release|Any CPU
		{EED00B62-6D31-4F60-B28C-7ACBD9E3B705}.AppStore|ARM.ActiveCfg = Release|Any CPU
		{EED00B62-6D31-4F60-B28C-7ACBD9E3B705}.AppStore|ARM.Build.0 = Release|Any CPU
		{EED00B62-6D31-4F60-B28C-7ACBD9E3B705}.AppStore|ARM.Deploy.0 = Release|Any CPU
		{EED00B62-6D31-4F60-B28C-7ACBD9E3B705}.AppStore|iPhone.ActiveCfg = Release|Any CPU
		{EED00B62-6D31-4F60-B28C-7ACBD9E3B705}.AppStore|iPhone.Build.0 = Release|Any CPU
		{EED00B62-6D31-4F60-B28C-7ACBD9E3B705}.AppStore|iPhone.Deploy.0 = Release|Any CPU
		{EED00B62-6D31-4F60-B28C-7ACBD9E3B705}.AppStore|iPhoneSimulator.ActiveCfg = Release|Any CPU
		{EED00B62-6D31-4F60-B28C-7ACBD9E3B705}.AppStore|iPhoneSimulator.Build.0 = Release|Any CPU
		{EED00B62-6D31-4F60-B28C-7ACBD9E3B705}.AppStore|iPhoneSimulator.Deploy.0 = Release|Any CPU
		{EED00B62-6D31-4F60-B28C-7ACBD9E3B705}.AppStore|x64.ActiveCfg = Release|Any CPU
		{EED00B62-6D31-4F60-B28C-7ACBD9E3B705}.AppStore|x64.Build.0 = Release|Any CPU
		{EED00B62-6D31-4F60-B28C-7ACBD9E3B705}.AppStore|x64.Deploy.0 = Release|Any CPU
		{EED00B62-6D31-4F60-B28C-7ACBD9E3B705}.AppStore|x86.ActiveCfg = Release|Any CPU
		{EED00B62-6D31-4F60-B28C-7ACBD9E3B705}.AppStore|x86.Build.0 = Release|Any CPU
		{EED00B62-6D31-4F60-B28C-7ACBD9E3B705}.AppStore|x86.Deploy.0 = Release|Any CPU
		{EED00B62-6D31-4F60-B28C-7ACBD9E3B705}.Debug|Any CPU.ActiveCfg = Debug|Any CPU
		{EED00B62-6D31-4F60-B28C-7ACBD9E3B705}.Debug|Any CPU.Build.0 = Debug|Any CPU
		{EED00B62-6D31-4F60-B28C-7ACBD9E3B705}.Debug|Any CPU.Deploy.0 = Debug|Any CPU
		{EED00B62-6D31-4F60-B28C-7ACBD9E3B705}.Debug|ARM.ActiveCfg = Debug|Any CPU
		{EED00B62-6D31-4F60-B28C-7ACBD9E3B705}.Debug|ARM.Build.0 = Debug|Any CPU
		{EED00B62-6D31-4F60-B28C-7ACBD9E3B705}.Debug|ARM.Deploy.0 = Debug|Any CPU
		{EED00B62-6D31-4F60-B28C-7ACBD9E3B705}.Debug|iPhone.ActiveCfg = Debug|Any CPU
		{EED00B62-6D31-4F60-B28C-7ACBD9E3B705}.Debug|iPhone.Build.0 = Debug|Any CPU
		{EED00B62-6D31-4F60-B28C-7ACBD9E3B705}.Debug|iPhone.Deploy.0 = Debug|Any CPU
		{EED00B62-6D31-4F60-B28C-7ACBD9E3B705}.Debug|iPhoneSimulator.ActiveCfg = Debug|Any CPU
		{EED00B62-6D31-4F60-B28C-7ACBD9E3B705}.Debug|iPhoneSimulator.Build.0 = Debug|Any CPU
		{EED00B62-6D31-4F60-B28C-7ACBD9E3B705}.Debug|iPhoneSimulator.Deploy.0 = Debug|Any CPU
		{EED00B62-6D31-4F60-B28C-7ACBD9E3B705}.Debug|x64.ActiveCfg = Debug|Any CPU
		{EED00B62-6D31-4F60-B28C-7ACBD9E3B705}.Debug|x64.Build.0 = Debug|Any CPU
		{EED00B62-6D31-4F60-B28C-7ACBD9E3B705}.Debug|x64.Deploy.0 = Debug|Any CPU
		{EED00B62-6D31-4F60-B28C-7ACBD9E3B705}.Debug|x86.ActiveCfg = Debug|Any CPU
		{EED00B62-6D31-4F60-B28C-7ACBD9E3B705}.Debug|x86.Build.0 = Debug|Any CPU
		{EED00B62-6D31-4F60-B28C-7ACBD9E3B705}.Debug|x86.Deploy.0 = Debug|Any CPU
		{EED00B62-6D31-4F60-B28C-7ACBD9E3B705}.Release|Any CPU.ActiveCfg = Release|Any CPU
		{EED00B62-6D31-4F60-B28C-7ACBD9E3B705}.Release|Any CPU.Build.0 = Release|Any CPU
		{EED00B62-6D31-4F60-B28C-7ACBD9E3B705}.Release|Any CPU.Deploy.0 = Release|Any CPU
		{EED00B62-6D31-4F60-B28C-7ACBD9E3B705}.Release|ARM.ActiveCfg = Release|Any CPU
		{EED00B62-6D31-4F60-B28C-7ACBD9E3B705}.Release|ARM.Build.0 = Release|Any CPU
		{EED00B62-6D31-4F60-B28C-7ACBD9E3B705}.Release|ARM.Deploy.0 = Release|Any CPU
		{EED00B62-6D31-4F60-B28C-7ACBD9E3B705}.Release|iPhone.ActiveCfg = Release|Any CPU
		{EED00B62-6D31-4F60-B28C-7ACBD9E3B705}.Release|iPhone.Build.0 = Release|Any CPU
		{EED00B62-6D31-4F60-B28C-7ACBD9E3B705}.Release|iPhone.Deploy.0 = Release|Any CPU
		{EED00B62-6D31-4F60-B28C-7ACBD9E3B705}.Release|iPhoneSimulator.ActiveCfg = Release|Any CPU
		{EED00B62-6D31-4F60-B28C-7ACBD9E3B705}.Release|iPhoneSimulator.Build.0 = Release|Any CPU
		{EED00B62-6D31-4F60-B28C-7ACBD9E3B705}.Release|iPhoneSimulator.Deploy.0 = Release|Any CPU
		{EED00B62-6D31-4F60-B28C-7ACBD9E3B705}.Release|x64.ActiveCfg = Release|Any CPU
		{EED00B62-6D31-4F60-B28C-7ACBD9E3B705}.Release|x64.Build.0 = Release|Any CPU
		{EED00B62-6D31-4F60-B28C-7ACBD9E3B705}.Release|x64.Deploy.0 = Release|Any CPU
		{EED00B62-6D31-4F60-B28C-7ACBD9E3B705}.Release|x86.ActiveCfg = Release|Any CPU
		{EED00B62-6D31-4F60-B28C-7ACBD9E3B705}.Release|x86.Build.0 = Release|Any CPU
		{EED00B62-6D31-4F60-B28C-7ACBD9E3B705}.Release|x86.Deploy.0 = Release|Any CPU
		{697C3367-8F56-468D-8BBC-1F2579D6A281}.Ad-Hoc|Any CPU.ActiveCfg = Release|Any CPU
		{697C3367-8F56-468D-8BBC-1F2579D6A281}.Ad-Hoc|Any CPU.Build.0 = Release|Any CPU
		{697C3367-8F56-468D-8BBC-1F2579D6A281}.Ad-Hoc|ARM.ActiveCfg = Release|Any CPU
		{697C3367-8F56-468D-8BBC-1F2579D6A281}.Ad-Hoc|ARM.Build.0 = Release|Any CPU
		{697C3367-8F56-468D-8BBC-1F2579D6A281}.Ad-Hoc|iPhone.ActiveCfg = Release|Any CPU
		{697C3367-8F56-468D-8BBC-1F2579D6A281}.Ad-Hoc|iPhone.Build.0 = Release|Any CPU
		{697C3367-8F56-468D-8BBC-1F2579D6A281}.Ad-Hoc|iPhoneSimulator.ActiveCfg = Release|Any CPU
		{697C3367-8F56-468D-8BBC-1F2579D6A281}.Ad-Hoc|iPhoneSimulator.Build.0 = Release|Any CPU
		{697C3367-8F56-468D-8BBC-1F2579D6A281}.Ad-Hoc|x64.ActiveCfg = Release|Any CPU
		{697C3367-8F56-468D-8BBC-1F2579D6A281}.Ad-Hoc|x64.Build.0 = Release|Any CPU
		{697C3367-8F56-468D-8BBC-1F2579D6A281}.Ad-Hoc|x86.ActiveCfg = Release|Any CPU
		{697C3367-8F56-468D-8BBC-1F2579D6A281}.Ad-Hoc|x86.Build.0 = Release|Any CPU
		{697C3367-8F56-468D-8BBC-1F2579D6A281}.AppStore|Any CPU.ActiveCfg = Release|Any CPU
		{697C3367-8F56-468D-8BBC-1F2579D6A281}.AppStore|Any CPU.Build.0 = Release|Any CPU
		{697C3367-8F56-468D-8BBC-1F2579D6A281}.AppStore|ARM.ActiveCfg = Release|Any CPU
		{697C3367-8F56-468D-8BBC-1F2579D6A281}.AppStore|ARM.Build.0 = Release|Any CPU
		{697C3367-8F56-468D-8BBC-1F2579D6A281}.AppStore|iPhone.ActiveCfg = Release|Any CPU
		{697C3367-8F56-468D-8BBC-1F2579D6A281}.AppStore|iPhone.Build.0 = Release|Any CPU
		{697C3367-8F56-468D-8BBC-1F2579D6A281}.AppStore|iPhoneSimulator.ActiveCfg = Release|Any CPU
		{697C3367-8F56-468D-8BBC-1F2579D6A281}.AppStore|iPhoneSimulator.Build.0 = Release|Any CPU
		{697C3367-8F56-468D-8BBC-1F2579D6A281}.AppStore|x64.ActiveCfg = Release|Any CPU
		{697C3367-8F56-468D-8BBC-1F2579D6A281}.AppStore|x64.Build.0 = Release|Any CPU
		{697C3367-8F56-468D-8BBC-1F2579D6A281}.AppStore|x86.ActiveCfg = Release|Any CPU
		{697C3367-8F56-468D-8BBC-1F2579D6A281}.AppStore|x86.Build.0 = Release|Any CPU
		{697C3367-8F56-468D-8BBC-1F2579D6A281}.Debug|Any CPU.ActiveCfg = Debug|Any CPU
		{697C3367-8F56-468D-8BBC-1F2579D6A281}.Debug|Any CPU.Build.0 = Debug|Any CPU
		{697C3367-8F56-468D-8BBC-1F2579D6A281}.Debug|ARM.ActiveCfg = Debug|Any CPU
		{697C3367-8F56-468D-8BBC-1F2579D6A281}.Debug|ARM.Build.0 = Debug|Any CPU
		{697C3367-8F56-468D-8BBC-1F2579D6A281}.Debug|iPhone.ActiveCfg = Debug|Any CPU
		{697C3367-8F56-468D-8BBC-1F2579D6A281}.Debug|iPhone.Build.0 = Debug|Any CPU
		{697C3367-8F56-468D-8BBC-1F2579D6A281}.Debug|iPhoneSimulator.ActiveCfg = Debug|Any CPU
		{697C3367-8F56-468D-8BBC-1F2579D6A281}.Debug|iPhoneSimulator.Build.0 = Debug|Any CPU
		{697C3367-8F56-468D-8BBC-1F2579D6A281}.Debug|x64.ActiveCfg = Debug|Any CPU
		{697C3367-8F56-468D-8BBC-1F2579D6A281}.Debug|x64.Build.0 = Debug|Any CPU
		{697C3367-8F56-468D-8BBC-1F2579D6A281}.Debug|x86.ActiveCfg = Debug|Any CPU
		{697C3367-8F56-468D-8BBC-1F2579D6A281}.Debug|x86.Build.0 = Debug|Any CPU
		{697C3367-8F56-468D-8BBC-1F2579D6A281}.Release|Any CPU.ActiveCfg = Release|Any CPU
		{697C3367-8F56-468D-8BBC-1F2579D6A281}.Release|Any CPU.Build.0 = Release|Any CPU
		{697C3367-8F56-468D-8BBC-1F2579D6A281}.Release|ARM.ActiveCfg = Release|Any CPU
		{697C3367-8F56-468D-8BBC-1F2579D6A281}.Release|ARM.Build.0 = Release|Any CPU
		{697C3367-8F56-468D-8BBC-1F2579D6A281}.Release|iPhone.ActiveCfg = Release|Any CPU
		{697C3367-8F56-468D-8BBC-1F2579D6A281}.Release|iPhone.Build.0 = Release|Any CPU
		{697C3367-8F56-468D-8BBC-1F2579D6A281}.Release|iPhoneSimulator.ActiveCfg = Release|Any CPU
		{697C3367-8F56-468D-8BBC-1F2579D6A281}.Release|iPhoneSimulator.Build.0 = Release|Any CPU
		{697C3367-8F56-468D-8BBC-1F2579D6A281}.Release|x64.ActiveCfg = Release|Any CPU
		{697C3367-8F56-468D-8BBC-1F2579D6A281}.Release|x64.Build.0 = Release|Any CPU
		{697C3367-8F56-468D-8BBC-1F2579D6A281}.Release|x86.ActiveCfg = Release|Any CPU
		{697C3367-8F56-468D-8BBC-1F2579D6A281}.Release|x86.Build.0 = Release|Any CPU
		{761ADB5B-0FFC-4D4D-A017-D176A5FDF38D}.Ad-Hoc|Any CPU.ActiveCfg = Release|x86
		{761ADB5B-0FFC-4D4D-A017-D176A5FDF38D}.Ad-Hoc|Any CPU.Build.0 = Release|x86
		{761ADB5B-0FFC-4D4D-A017-D176A5FDF38D}.Ad-Hoc|Any CPU.Deploy.0 = Release|x86
		{761ADB5B-0FFC-4D4D-A017-D176A5FDF38D}.Ad-Hoc|ARM.ActiveCfg = Release|ARM
		{761ADB5B-0FFC-4D4D-A017-D176A5FDF38D}.Ad-Hoc|ARM.Build.0 = Release|ARM
		{761ADB5B-0FFC-4D4D-A017-D176A5FDF38D}.Ad-Hoc|ARM.Deploy.0 = Release|ARM
		{761ADB5B-0FFC-4D4D-A017-D176A5FDF38D}.Ad-Hoc|iPhone.ActiveCfg = Release|x86
		{761ADB5B-0FFC-4D4D-A017-D176A5FDF38D}.Ad-Hoc|iPhone.Build.0 = Release|x86
		{761ADB5B-0FFC-4D4D-A017-D176A5FDF38D}.Ad-Hoc|iPhone.Deploy.0 = Release|x86
		{761ADB5B-0FFC-4D4D-A017-D176A5FDF38D}.Ad-Hoc|iPhoneSimulator.ActiveCfg = Release|x86
		{761ADB5B-0FFC-4D4D-A017-D176A5FDF38D}.Ad-Hoc|iPhoneSimulator.Build.0 = Release|x86
		{761ADB5B-0FFC-4D4D-A017-D176A5FDF38D}.Ad-Hoc|iPhoneSimulator.Deploy.0 = Release|x86
		{761ADB5B-0FFC-4D4D-A017-D176A5FDF38D}.Ad-Hoc|x64.ActiveCfg = Release|x64
		{761ADB5B-0FFC-4D4D-A017-D176A5FDF38D}.Ad-Hoc|x64.Build.0 = Release|x64
		{761ADB5B-0FFC-4D4D-A017-D176A5FDF38D}.Ad-Hoc|x64.Deploy.0 = Release|x64
		{761ADB5B-0FFC-4D4D-A017-D176A5FDF38D}.Ad-Hoc|x86.ActiveCfg = Release|x86
		{761ADB5B-0FFC-4D4D-A017-D176A5FDF38D}.Ad-Hoc|x86.Build.0 = Release|x86
		{761ADB5B-0FFC-4D4D-A017-D176A5FDF38D}.Ad-Hoc|x86.Deploy.0 = Release|x86
		{761ADB5B-0FFC-4D4D-A017-D176A5FDF38D}.AppStore|Any CPU.ActiveCfg = Release|x86
		{761ADB5B-0FFC-4D4D-A017-D176A5FDF38D}.AppStore|Any CPU.Build.0 = Release|x86
		{761ADB5B-0FFC-4D4D-A017-D176A5FDF38D}.AppStore|Any CPU.Deploy.0 = Release|x86
		{761ADB5B-0FFC-4D4D-A017-D176A5FDF38D}.AppStore|ARM.ActiveCfg = Release|ARM
		{761ADB5B-0FFC-4D4D-A017-D176A5FDF38D}.AppStore|ARM.Build.0 = Release|ARM
		{761ADB5B-0FFC-4D4D-A017-D176A5FDF38D}.AppStore|ARM.Deploy.0 = Release|ARM
		{761ADB5B-0FFC-4D4D-A017-D176A5FDF38D}.AppStore|iPhone.ActiveCfg = Release|x86
		{761ADB5B-0FFC-4D4D-A017-D176A5FDF38D}.AppStore|iPhone.Build.0 = Release|x86
		{761ADB5B-0FFC-4D4D-A017-D176A5FDF38D}.AppStore|iPhone.Deploy.0 = Release|x86
		{761ADB5B-0FFC-4D4D-A017-D176A5FDF38D}.AppStore|iPhoneSimulator.ActiveCfg = Release|x86
		{761ADB5B-0FFC-4D4D-A017-D176A5FDF38D}.AppStore|iPhoneSimulator.Build.0 = Release|x86
		{761ADB5B-0FFC-4D4D-A017-D176A5FDF38D}.AppStore|iPhoneSimulator.Deploy.0 = Release|x86
		{761ADB5B-0FFC-4D4D-A017-D176A5FDF38D}.AppStore|x64.ActiveCfg = Release|x64
		{761ADB5B-0FFC-4D4D-A017-D176A5FDF38D}.AppStore|x64.Build.0 = Release|x64
		{761ADB5B-0FFC-4D4D-A017-D176A5FDF38D}.AppStore|x64.Deploy.0 = Release|x64
		{761ADB5B-0FFC-4D4D-A017-D176A5FDF38D}.AppStore|x86.ActiveCfg = Release|x86
		{761ADB5B-0FFC-4D4D-A017-D176A5FDF38D}.AppStore|x86.Build.0 = Release|x86
		{761ADB5B-0FFC-4D4D-A017-D176A5FDF38D}.AppStore|x86.Deploy.0 = Release|x86
		{761ADB5B-0FFC-4D4D-A017-D176A5FDF38D}.Debug|Any CPU.ActiveCfg = Debug|x86
		{761ADB5B-0FFC-4D4D-A017-D176A5FDF38D}.Debug|ARM.ActiveCfg = Debug|ARM
		{761ADB5B-0FFC-4D4D-A017-D176A5FDF38D}.Debug|ARM.Build.0 = Debug|ARM
		{761ADB5B-0FFC-4D4D-A017-D176A5FDF38D}.Debug|ARM.Deploy.0 = Debug|ARM
		{761ADB5B-0FFC-4D4D-A017-D176A5FDF38D}.Debug|iPhone.ActiveCfg = Debug|x86
		{761ADB5B-0FFC-4D4D-A017-D176A5FDF38D}.Debug|iPhoneSimulator.ActiveCfg = Debug|x86
		{761ADB5B-0FFC-4D4D-A017-D176A5FDF38D}.Debug|x64.ActiveCfg = Debug|x64
		{761ADB5B-0FFC-4D4D-A017-D176A5FDF38D}.Debug|x64.Build.0 = Debug|x64
		{761ADB5B-0FFC-4D4D-A017-D176A5FDF38D}.Debug|x64.Deploy.0 = Debug|x64
		{761ADB5B-0FFC-4D4D-A017-D176A5FDF38D}.Debug|x86.ActiveCfg = Debug|x86
		{761ADB5B-0FFC-4D4D-A017-D176A5FDF38D}.Debug|x86.Build.0 = Debug|x86
		{761ADB5B-0FFC-4D4D-A017-D176A5FDF38D}.Debug|x86.Deploy.0 = Debug|x86
		{761ADB5B-0FFC-4D4D-A017-D176A5FDF38D}.Release|Any CPU.ActiveCfg = Release|x86
		{761ADB5B-0FFC-4D4D-A017-D176A5FDF38D}.Release|ARM.ActiveCfg = Release|ARM
		{761ADB5B-0FFC-4D4D-A017-D176A5FDF38D}.Release|ARM.Build.0 = Release|ARM
		{761ADB5B-0FFC-4D4D-A017-D176A5FDF38D}.Release|ARM.Deploy.0 = Release|ARM
		{761ADB5B-0FFC-4D4D-A017-D176A5FDF38D}.Release|iPhone.ActiveCfg = Release|x86
		{761ADB5B-0FFC-4D4D-A017-D176A5FDF38D}.Release|iPhoneSimulator.ActiveCfg = Release|x86
		{761ADB5B-0FFC-4D4D-A017-D176A5FDF38D}.Release|x64.ActiveCfg = Release|x64
		{761ADB5B-0FFC-4D4D-A017-D176A5FDF38D}.Release|x64.Build.0 = Release|x64
		{761ADB5B-0FFC-4D4D-A017-D176A5FDF38D}.Release|x64.Deploy.0 = Release|x64
		{761ADB5B-0FFC-4D4D-A017-D176A5FDF38D}.Release|x86.ActiveCfg = Release|x86
		{761ADB5B-0FFC-4D4D-A017-D176A5FDF38D}.Release|x86.Build.0 = Release|x86
		{761ADB5B-0FFC-4D4D-A017-D176A5FDF38D}.Release|x86.Deploy.0 = Release|x86
		{63AED865-FE92-46FB-8C2E-0D343A401BCA}.Ad-Hoc|Any CPU.ActiveCfg = Ad-Hoc|iPhone
		{63AED865-FE92-46FB-8C2E-0D343A401BCA}.Ad-Hoc|ARM.ActiveCfg = Ad-Hoc|iPhone
		{63AED865-FE92-46FB-8C2E-0D343A401BCA}.Ad-Hoc|iPhone.ActiveCfg = Ad-Hoc|iPhone
		{63AED865-FE92-46FB-8C2E-0D343A401BCA}.Ad-Hoc|iPhone.Build.0 = Ad-Hoc|iPhone
		{63AED865-FE92-46FB-8C2E-0D343A401BCA}.Ad-Hoc|iPhoneSimulator.ActiveCfg = Ad-Hoc|iPhoneSimulator
		{63AED865-FE92-46FB-8C2E-0D343A401BCA}.Ad-Hoc|iPhoneSimulator.Build.0 = Ad-Hoc|iPhoneSimulator
		{63AED865-FE92-46FB-8C2E-0D343A401BCA}.Ad-Hoc|x64.ActiveCfg = Ad-Hoc|iPhone
		{63AED865-FE92-46FB-8C2E-0D343A401BCA}.Ad-Hoc|x86.ActiveCfg = Ad-Hoc|iPhone
		{63AED865-FE92-46FB-8C2E-0D343A401BCA}.AppStore|Any CPU.ActiveCfg = AppStore|iPhone
		{63AED865-FE92-46FB-8C2E-0D343A401BCA}.AppStore|ARM.ActiveCfg = AppStore|iPhone
		{63AED865-FE92-46FB-8C2E-0D343A401BCA}.AppStore|iPhone.ActiveCfg = AppStore|iPhone
		{63AED865-FE92-46FB-8C2E-0D343A401BCA}.AppStore|iPhone.Build.0 = AppStore|iPhone
		{63AED865-FE92-46FB-8C2E-0D343A401BCA}.AppStore|iPhoneSimulator.ActiveCfg = AppStore|iPhoneSimulator
		{63AED865-FE92-46FB-8C2E-0D343A401BCA}.AppStore|iPhoneSimulator.Build.0 = AppStore|iPhoneSimulator
		{63AED865-FE92-46FB-8C2E-0D343A401BCA}.AppStore|x64.ActiveCfg = AppStore|iPhone
		{63AED865-FE92-46FB-8C2E-0D343A401BCA}.AppStore|x86.ActiveCfg = AppStore|iPhone
		{63AED865-FE92-46FB-8C2E-0D343A401BCA}.Debug|Any CPU.ActiveCfg = Debug|iPhone
		{63AED865-FE92-46FB-8C2E-0D343A401BCA}.Debug|ARM.ActiveCfg = Debug|iPhone
		{63AED865-FE92-46FB-8C2E-0D343A401BCA}.Debug|iPhone.ActiveCfg = Debug|iPhone
		{63AED865-FE92-46FB-8C2E-0D343A401BCA}.Debug|iPhone.Build.0 = Debug|iPhone
		{63AED865-FE92-46FB-8C2E-0D343A401BCA}.Debug|iPhoneSimulator.ActiveCfg = Debug|iPhoneSimulator
		{63AED865-FE92-46FB-8C2E-0D343A401BCA}.Debug|iPhoneSimulator.Build.0 = Debug|iPhoneSimulator
		{63AED865-FE92-46FB-8C2E-0D343A401BCA}.Debug|x64.ActiveCfg = Debug|iPhone
		{63AED865-FE92-46FB-8C2E-0D343A401BCA}.Debug|x86.ActiveCfg = Debug|iPhone
		{63AED865-FE92-46FB-8C2E-0D343A401BCA}.Release|Any CPU.ActiveCfg = Release|iPhone
		{63AED865-FE92-46FB-8C2E-0D343A401BCA}.Release|ARM.ActiveCfg = Release|iPhone
		{63AED865-FE92-46FB-8C2E-0D343A401BCA}.Release|iPhone.ActiveCfg = Release|iPhone
		{63AED865-FE92-46FB-8C2E-0D343A401BCA}.Release|iPhone.Build.0 = Release|iPhone
		{63AED865-FE92-46FB-8C2E-0D343A401BCA}.Release|iPhoneSimulator.ActiveCfg = Release|iPhoneSimulator
		{63AED865-FE92-46FB-8C2E-0D343A401BCA}.Release|iPhoneSimulator.Build.0 = Release|iPhoneSimulator
		{63AED865-FE92-46FB-8C2E-0D343A401BCA}.Release|x64.ActiveCfg = Release|iPhone
		{63AED865-FE92-46FB-8C2E-0D343A401BCA}.Release|x86.ActiveCfg = Release|iPhone
	EndGlobalSection
	GlobalSection(SolutionProperties) = preSolution
		HideSolutionNode = FALSE
	EndGlobalSection
	GlobalSection(ExtensibilityGlobals) = postSolution
		SolutionGuid = {33F1A5E3-1FB1-4085-853A-18F67633AA96}
	EndGlobalSection
EndGlobal
