
Microsoft Visual Studio Solution File, Format Version 12.00
# Visual Studio 15
VisualStudioVersion = 15.0.26730.12
MinimumVisualStudioVersion = 10.0.40219.1
Project("{FAE04EC0-301F-11D3-BF4B-00C04F79EFBC}") = "Launcher", "Launcher\Launcher.csproj", "{BEAD3FB0-D6D5-4428-9902-B6A18B37E8DD}"
EndProject
Global
	GlobalSection(SolutionConfigurationPlatforms) = preSolution
		Debug|Any CPU = Debug|Any CPU
		Release|Any CPU = Release|Any CPU
	EndGlobalSection
	GlobalSection(ProjectConfigurationPlatforms) = postSolution
		{BEAD3FB0-D6D5-4428-9902-B6A18B37E8DD}.Debug|Any CPU.ActiveCfg = Debug|Any CPU
		{BEAD3FB0-D6D5-4428-9902-B6A18B37E8DD}.Debug|Any CPU.Build.0 = Debug|Any CPU
		{BEAD3FB0-D6D5-4428-9902-B6A18B37E8DD}.Release|Any CPU.ActiveCfg = Release|Any CPU
		{BEAD3FB0-D6D5-4428-9902-B6A18B37E8DD}.Release|Any CPU.Build.0 = Release|Any CPU
	EndGlobalSection
	GlobalSection(SolutionProperties) = preSolution
		HideSolutionNode = FALSE
	EndGlobalSection
	GlobalSection(ExtensibilityGlobals) = postSolution
		SolutionGuid = {A3624E4C-C651-48B8-A23D-B4E77A53EED6}
	EndGlobalSection
EndGlobal
